// !$*UTF8*$!
{
	archiveVersion = 1;
	classes = {
	};
	objectVersion = 46;
	objects = {

/* Begin PBXBuildFile section */
		807907521D99267100F55CCA /* nj.jpg in Resources */ = {isa = PBXBuildFile; fileRef = 807907511D99267100F55CCA /* nj.jpg */; };
		80F1F1FD1D99095E0008FB55 /* main.m in Sources */ = {isa = PBXBuildFile; fileRef = 80F1F1FC1D99095E0008FB55 /* main.m */; };
		80F1F2001D99095E0008FB55 /* AppDelegate.m in Sources */ = {isa = PBXBuildFile; fileRef = 80F1F1FF1D99095E0008FB55 /* AppDelegate.m */; };
		80F1F2031D99095E0008FB55 /* ViewController.m in Sources */ = {isa = PBXBuildFile; fileRef = 80F1F2021D99095E0008FB55 /* ViewController.m */; };
		80F1F2061D99095E0008FB55 /* Main.storyboard in Resources */ = {isa = PBXBuildFile; fileRef = 80F1F2041D99095E0008FB55 /* Main.storyboard */; };
		80F1F2081D99095E0008FB55 /* Assets.xcassets in Resources */ = {isa = PBXBuildFile; fileRef = 80F1F2071D99095E0008FB55 /* Assets.xcassets */; };
		80F1F20B1D99095E0008FB55 /* LaunchScreen.storyboard in Resources */ = {isa = PBXBuildFile; fileRef = 80F1F2091D99095E0008FB55 /* LaunchScreen.storyboard */; };
/* End PBXBuildFile section */

/* Begin PBXFileReference section */
		807907511D99267100F55CCA /* nj.jpg */ = {isa = PBXFileReference; lastKnownFileType = image.jpeg; path = nj.jpg; sourceTree = "<group>"; };
		80F1F1F81D99095E0008FB55 /* ImagePickerDemo.app */ = {isa = PBXFileReference; explicitFileType = wrapper.application; includeInIndex = 0; path = ImagePickerDemo.app; sourceTree = BUILT_PRODUCTS_DIR; };
		80F1F1FC1D99095E0008FB55 /* main.m */ = {isa = PBXFileReference; lastKnownFileType = sourcecode.c.objc; path = main.m; sourceTree = "<group>"; };
		80F1F1FE1D99095E0008FB55 /* AppDelegate.h */ = {isa = PBXFileReference; lastKnownFileType = sourcecode.c.h; path = AppDelegate.h; sourceTree = "<group>"; };
		80F1F1FF1D99095E0008FB55 /* AppDelegate.m */ = {isa = PBXFileReference; lastKnownFileType = sourcecode.c.objc; path = AppDelegate.m; sourceTree = "<group>"; };
		80F1F2011D99095E0008FB55 /* ViewController.h */ = {isa = PBXFileReference; lastKnownFileType = sourcecode.c.h; path = ViewController.h; sourceTree = "<group>"; };
		80F1F2021D99095E0008FB55 /* ViewController.m */ = {isa = PBXFileReference; lastKnownFileType = sourcecode.c.objc; path = ViewController.m; sourceTree = "<group>"; };
		80F1F2051D99095E0008FB55 /* Base */ = {isa = PBXFileReference; lastKnownFileType = file.storyboard; name = Base; path = Base.lproj/Main.storyboard; sourceTree = "<group>"; };
		80F1F2071D99095E0008FB55 /* Assets.xcassets */ = {isa = PBXFileReference; lastKnownFileType = folder.assetcatalog; path = Assets.xcassets; sourceTree = "<group>"; };
		80F1F20A1D99095E0008FB55 /* Base */ = {isa = PBXFileReference; lastKnownFileType = file.storyboard; name = Base; path = Base.lproj/LaunchScreen.storyboard; sourceTree = "<group>"; };
		80F1F20C1D99095E0008FB55 /* Info.plist */ = {isa = PBXFileReference; lastKnownFileType = text.plist.xml; path = Info.plist; sourceTree = "<group>"; };
/* End PBXFileReference section */

/* Begin PBXFrameworksBuildPhase section */
		80F1F1F51D99095E0008FB55 /* Frameworks */ = {
			isa = PBXFrameworksBuildPhase;
			buildActionMask = 2147483647;
			files = (
			);
			runOnlyForDeploymentPostprocessing = 0;
		};
/* End PBXFrameworksBuildPhase section */

/* Begin PBXGroup section */
		80F1F1EF1D99095E0008FB55 = {
			isa = PBXGroup;
			children = (
				80F1F1FA1D99095E0008FB55 /* ImagePickerDemo */,
				80F1F1F91D99095E0008FB55 /* Products */,
			);
			sourceTree = "<group>";
		};
		80F1F1F91D99095E0008FB55 /* Products */ = {
			isa = PBXGroup;
			children = (
				80F1F1F81D99095E0008FB55 /* ImagePickerDemo.app */,
			);
			name = Products;
			sourceTree = "<group>";
		};
		80F1F1FA1D99095E0008FB55 /* ImagePickerDemo */ = {
			isa = PBXGroup;
			children = (
				80F1F1FE1D99095E0008FB55 /* AppDelegate.h */,
				80F1F1FF1D99095E0008FB55 /* AppDelegate.m */,
				80F1F2011D99095E0008FB55 /* ViewController.h */,
				80F1F2021D99095E0008FB55 /* ViewController.m */,
				807907511D99267100F55CCA /* nj.jpg */,
				80F1F2041D99095E0008FB55 /* Main.storyboard */,
				80F1F2071D99095E0008FB55 /* Assets.xcassets */,
				80F1F2091D99095E0008FB55 /* LaunchScreen.storyboard */,
				80F1F20C1D99095E0008FB55 /* Info.plist */,
				80F1F1FB1D99095E0008FB55 /* Supporting Files */,
			);
			path = ImagePickerDemo;
			sourceTree = "<group>";
		};
		80F1F1FB1D99095E0008FB55 /* Supporting Files */ = {
			isa = PBXGroup;
			children = (
				80F1F1FC1D99095E0008FB55 /* main.m */,
			);
			name = "Supporting Files";
			sourceTree = "<group>";
		};
/* End PBXGroup section */

/* Begin PBXNativeTarget section */
		80F1F1F71D99095E0008FB55 /* ImagePickerDemo */ = {
			isa = PBXNativeTarget;
			buildConfigurationList = 80F1F20F1D99095E0008FB55 /* Build configuration list for PBXNativeTarget "ImagePickerDemo" */;
			buildPhases = (
				80F1F1F41D99095E0008FB55 /* Sources */,
				80F1F1F51D99095E0008FB55 /* Frameworks */,
				80F1F1F61D99095E0008FB55 /* Resources */,
			);
			buildRules = (
			);
			dependencies = (
			);
			name = ImagePickerDemo;
			productName = ImagePickerDemo;
			productReference = 80F1F1F81D99095E0008FB55 /* ImagePickerDemo.app */;
			productType = "com.apple.product-type.application";
		};
/* End PBXNativeTarget section */

/* Begin PBXProject section */
		80F1F1F01D99095E0008FB55 /* Project object */ = {
			isa = PBXProject;
			attributes = {
				LastUpgradeCheck = 0730;
				ORGANIZATIONNAME = teramatrix;
				TargetAttributes = {
					80F1F1F71D99095E0008FB55 = {
						CreatedOnToolsVersion = 7.3.1;
						DevelopmentTeam = 6AAY9Y35CC;
					};
				};
			};
			buildConfigurationList = 80F1F1F31D99095E0008FB55 /* Build configuration list for PBXProject "ImagePickerDemo" */;
			compatibilityVersion = "Xcode 3.2";
			developmentRegion = English;
			hasScannedForEncodings = 0;
			knownRegions = (
				en,
				Base,
			);
			mainGroup = 80F1F1EF1D99095E0008FB55;
			productRefGroup = 80F1F1F91D99095E0008FB55 /* Products */;
			projectDirPath = "";
			projectRoot = "";
			targets = (
				80F1F1F71D99095E0008FB55 /* ImagePickerDemo */,
			);
		};
/* End PBXProject section */

/* Begin PBXResourcesBuildPhase section */
		80F1F1F61D99095E0008FB55 /* Resources */ = {
			isa = PBXResourcesBuildPhase;
			buildActionMask = 2147483647;
			files = (
				80F1F20B1D99095E0008FB55 /* LaunchScreen.storyboard in Resources */,
				80F1F2081D99095E0008FB55 /* Assets.xcassets in Resources */,
				807907521D99267100F55CCA /* nj.jpg in Resources */,
				80F1F2061D99095E0008FB55 /* Main.storyboard in Resources */,
			);
			runOnlyForDeploymentPostprocessing = 0;
		};
/* End PBXResourcesBuildPhase section */

/* Begin PBXSourcesBuildPhase section */
		80F1F1F41D99095E0008FB55 /* Sources */ = {
			isa = PBXSourcesBuildPhase;
			buildActionMask = 2147483647;
			files = (
				80F1F2031D99095E0008FB55 /* ViewController.m in Sources */,
				80F1F2001D99095E0008FB55 /* AppDelegate.m in Sources */,
				80F1F1FD1D99095E0008FB55 /* main.m in Sources */,
			);
			runOnlyForDeploymentPostprocessing = 0;
		};
/* End PBXSourcesBuildPhase section */

/* Begin PBXVariantGroup section */
		80F1F2041D99095E0008FB55 /* Main.storyboard */ = {
			isa = PBXVariantGroup;
			children = (
				80F1F2051D99095E0008FB55 /* Base */,
			);
			name = Main.storyboard;
			sourceTree = "<group>";
		};
		80F1F2091D99095E0008FB55 /* LaunchScreen.storyboard */ = {
			isa = PBXVariantGroup;
			children = (
				80F1F20A1D99095E0008FB55 /* Base */,
			);
			name = LaunchScreen.storyboard;
			sourceTree = "<group>";
		};
/* End PBXVariantGroup section */

/* Begin XCBuildConfiguration section */
		80F1F20D1D99095E0008FB55 /* Debug */ = {
			isa = XCBuildConfiguration;
			buildSettings = {
				ALWAYS_SEARCH_USER_PATHS = NO;
				CLANG_ANALYZER_NONNULL = YES;
				CLANG_CXX_LANGUAGE_STANDARD = "gnu++0x";
				CLANG_CXX_LIBRARY = "libc++";
				CLANG_ENABLE_MODULES = YES;
				CLANG_ENABLE_OBJC_ARC = YES;
				CLANG_WARN_BOOL_CONVERSION = YES;
				CLANG_WARN_CONSTANT_CONVERSION = YES;
				CLANG_WARN_DIRECT_OBJC_ISA_USAGE = YES_ERROR;
				CLANG_WARN_EMPTY_BODY = YES;
				CLANG_WARN_ENUM_CONVERSION = YES;
				CLANG_WARN_INT_CONVERSION = YES;
				CLANG_WARN_OBJC_ROOT_CLASS = YES_ERROR;
				CLANG_WARN_UNREACHABLE_CODE = YES;
				CLANG_WARN__DUPLICATE_METHOD_MATCH = YES;
				"CODE_SIGN_IDENTITY[sdk=iphoneos*]" = "iPhone Developer";
				COPY_PHASE_STRIP = NO;
				DEBUG_INFORMATION_FORMAT = dwarf;
				ENABLE_STRICT_OBJC_MSGSEND = YES;
				ENABLE_TESTABILITY = YES;
				GCC_C_LANGUAGE_STANDARD = gnu99;
				GCC_DYNAMIC_NO_PIC = NO;
				GCC_NO_COMMON_BLOCKS = YES;
				GCC_OPTIMIZATION_LEVEL = 0;
				GCC_PREPROCESSOR_DEFINITIONS = (
					"DEBUG=1",
					"$(inherited)",
				);
				GCC_WARN_64_TO_32_BIT_CONVERSION = YES;
				GCC_WARN_ABOUT_RETURN_TYPE = YES_ERROR;
				GCC_WARN_UNDECLARED_SELECTOR = YES;
				GCC_WARN_UNINITIALIZED_AUTOS = YES_AGGRESSIVE;
				GCC_WARN_UNUSED_FUNCTION = YES;
				GCC_WARN_UNUSED_VARIABLE = YES;
				IPHONEOS_DEPLOYMENT_TARGET = 9.3;
				MTL_ENABLE_DEBUG_INFO = YES;
				ONLY_ACTIVE_ARCH = YES;
				SDKROOT = iphoneos;
				TARGETED_DEVICE_FAMILY = "1,2";
			};
			name = Debug;
		};
		80F1F20E1D99095E0008FB55 /* Release */ = {
			isa = XCBuildConfiguration;
			buildSettings = {
				ALWAYS_SEARCH_USER_PATHS = NO;
				CLANG_ANALYZER_NONNULL = YES;
				CLANG_CXX_LANGUAGE_STANDARD = "gnu++0x";
				CLANG_CXX_LIBRARY = "libc++";
				CLANG_ENABLE_MODULES = YES;
				CLANG_ENABLE_OBJC_ARC = YES;
				CLANG_WARN_BOOL_CONVERSION = YES;
				CLANG_WARN_CONSTANT_CONVERSION = YES;
				CLANG_WARN_DIRECT_OBJC_ISA_USAGE = YES_ERROR;
				CLANG_WARN_EMPTY_BODY = YES;
				CLANG_WARN_ENUM_CONVERSION = YES;
				CLANG_WARN_INT_CONVERSION = YES;
				CLANG_WARN_OBJC_ROOT_CLASS = YES_ERROR;
				CLANG_WARN_UNREACHABLE_CODE = YES;
				CLANG_WARN__DUPLICATE_METHOD_MATCH = YES;
				"CODE_SIGN_IDENTITY[sdk=iphoneos*]" = "iPhone Developer";
				COPY_PHASE_STRIP = NO;
				DEBUG_INFORMATION_FORMAT = "dwarf-with-dsym";
				ENABLE_NS_ASSERTIONS = NO;
				ENABLE_STRICT_OBJC_MSGSEND = YES;
				GCC_C_LANGUAGE_STANDARD = gnu99;
				GCC_NO_COMMON_BLOCKS = YES;
				GCC_WARN_64_TO_32_BIT_CONVERSION = YES;
				GCC_WARN_ABOUT_RETURN_TYPE = YES_ERROR;
				GCC_WARN_UNDECLARED_SELECTOR = YES;
				GCC_WARN_UNINITIALIZED_AUTOS = YES_AGGRESSIVE;
				GCC_WARN_UNUSED_FUNCTION = YES;
				GCC_WARN_UNUSED_VARIABLE = YES;
				IPHONEOS_DEPLOYMENT_TARGET = 9.3;
				MTL_ENABLE_DEBUG_INFO = NO;
				SDKROOT = iphoneos;
				TARGETED_DEVICE_FAMILY = "1,2";
				VALIDATE_PRODUCT = YES;
			};
			name = Release;
		};
		80F1F2101D99095E0008FB55 /* Debug */ = {
			isa = XCBuildConfiguration;
			buildSettings = {
				ASSETCATALOG_COMPILER_APPICON_NAME = AppIcon;
				CODE_SIGN_IDENTITY = "iPhone Developer";
				"CODE_SIGN_IDENTITY[sdk=iphoneos*]" = "iPhone Developer";
				INFOPLIST_FILE = ImagePickerDemo/Info.plist;
				IPHONEOS_DEPLOYMENT_TARGET = 7.0;
				LD_RUNPATH_SEARCH_PATHS = "$(inherited) @executable_path/Frameworks";
				PRODUCT_BUNDLE_IDENTIFIER = com.teramatrix.ImagePickerDemo;
				PRODUCT_NAME = "$(TARGET_NAME)";
				PROVISIONING_PROFILE = "";
			};
			name = Debug;
		};
		80F1F2111D99095E0008FB55 /* Release */ = {
			isa = XCBuildConfiguration;
			buildSettings = {
				ASSETCATALOG_COMPILER_APPICON_NAME = AppIcon;
				CODE_SIGN_IDENTITY = "iPhone Developer";
				"CODE_SIGN_IDENTITY[sdk=iphoneos*]" = "iPhone Developer";
				INFOPLIST_FILE = ImagePickerDemo/Info.plist;
				IPHONEOS_DEPLOYMENT_TARGET = 7.0;
				LD_RUNPATH_SEARCH_PATHS = "$(inherited) @executable_path/Frameworks";
				PRODUCT_BUNDLE_IDENTIFIER = com.teramatrix.ImagePickerDemo;
				PRODUCT_NAME = "$(TARGET_NAME)";
				PROVISIONING_PROFILE = "";
			};
			name = Release;
		};
/* End XCBuildConfiguration section */

/* Begin XCConfigurationList section */
		80F1F1F31D99095E0008FB55 /* Build configuration list for PBXProject "ImagePickerDemo" */ = {
			isa = XCConfigurationList;
			buildConfigurations = (
				80F1F20D1D99095E0008FB55 /* Debug */,
				80F1F20E1D99095E0008FB55 /* Release */,
			);
			defaultConfigurationIsVisible = 0;
			defaultConfigurationName = Release;
		};
		80F1F20F1D99095E0008FB55 /* Build configuration list for PBXNativeTarget "ImagePickerDemo" */ = {
			isa = XCConfigurationList;
			buildConfigurations = (
				80F1F2101D99095E0008FB55 /* Debug */,
				80F1F2111D99095E0008FB55 /* Release */,
			);
			defaultConfigurationIsVisible = 0;
			defaultConfigurationName = Release;
		};
/* End XCConfigurationList section */
	};
	rootObject = 80F1F1F01D99095E0008FB55 /* Project object */;
}
